
Microsoft Visual Studio Solution File, Format Version 12.00
Project("{FAE04EC0-301F-11D3-BF4B-00C04F79EFBC}") = "5_11_2025", "5_11_2025.csproj", "{8C744146-B218-40B4-9557-DBBCD5D13CF3}"
EndProject
Global
	GlobalSection(SolutionConfigurationPlatforms) = preSolution
		Debug|Any CPU = Debug|Any CPU
		Release|Any CPU = Release|Any CPU
	EndGlobalSection
	GlobalSection(ProjectConfigurationPlatforms) = postSolution
		{8C744146-B218-40B4-9557-DBBCD5D13CF3}.Debug|Any CPU.ActiveCfg = Debug|Any CPU
		{8C744146-B218-40B4-9557-DBBCD5D13CF3}.Debug|Any CPU.Build.0 = Debug|Any CPU
		{8C744146-B218-40B4-9557-DBBCD5D13CF3}.Release|Any CPU.ActiveCfg = Release|Any CPU
		{8C744146-B218-40B4-9557-DBBCD5D13CF3}.Release|Any CPU.Build.0 = Release|Any CPU
	EndGlobalSection
EndGlobal
