
Microsoft Visual Studio Solution File, Format Version 12.00
Project("{FAE04EC0-301F-11D3-BF4B-00C04F79EFBC}") = "Inheritance", "Inheritance.csproj", "{FA97A7A3-E0B2-49A0-9D5E-0F6534E244A3}"
EndProject
Global
	GlobalSection(SolutionConfigurationPlatforms) = preSolution
		Debug|Any CPU = Debug|Any CPU
		Release|Any CPU = Release|Any CPU
	EndGlobalSection
	GlobalSection(ProjectConfigurationPlatforms) = postSolution
		{FA97A7A3-E0B2-49A0-9D5E-0F6534E244A3}.Debug|Any CPU.ActiveCfg = Debug|Any CPU
		{FA97A7A3-E0B2-49A0-9D5E-0F6534E244A3}.Debug|Any CPU.Build.0 = Debug|Any CPU
		{FA97A7A3-E0B2-49A0-9D5E-0F6534E244A3}.Release|Any CPU.ActiveCfg = Release|Any CPU
		{FA97A7A3-E0B2-49A0-9D5E-0F6534E244A3}.Release|Any CPU.Build.0 = Release|Any CPU
	EndGlobalSection
EndGlobal
