
Microsoft Visual Studio Solution File, Format Version 12.00
Project("{FAE04EC0-301F-11D3-BF4B-00C04F79EFBC}") = "pokedex", "pokedex.csproj", "{6FEA018E-D0DB-4511-B20B-0DC594851711}"
EndProject
Global
	GlobalSection(SolutionConfigurationPlatforms) = preSolution
		Debug|Any CPU = Debug|Any CPU
		Release|Any CPU = Release|Any CPU
	EndGlobalSection
	GlobalSection(ProjectConfigurationPlatforms) = postSolution
		{6FEA018E-D0DB-4511-B20B-0DC594851711}.Debug|Any CPU.ActiveCfg = Debug|Any CPU
		{6FEA018E-D0DB-4511-B20B-0DC594851711}.Debug|Any CPU.Build.0 = Debug|Any CPU
		{6FEA018E-D0DB-4511-B20B-0DC594851711}.Release|Any CPU.ActiveCfg = Release|Any CPU
		{6FEA018E-D0DB-4511-B20B-0DC594851711}.Release|Any CPU.Build.0 = Release|Any CPU
	EndGlobalSection
EndGlobal
