
Microsoft Visual Studio Solution File, Format Version 12.00
Project("{FAE04EC0-301F-11D3-BF4B-00C04F79EFBC}") = "strom hvezd", "strom hvezd.csproj", "{6EF10CB2-F754-4587-8A95-C28EC9B92621}"
EndProject
Global
	GlobalSection(SolutionConfigurationPlatforms) = preSolution
		Debug|Any CPU = Debug|Any CPU
		Release|Any CPU = Release|Any CPU
	EndGlobalSection
	GlobalSection(ProjectConfigurationPlatforms) = postSolution
		{6EF10CB2-F754-4587-8A95-C28EC9B92621}.Debug|Any CPU.ActiveCfg = Debug|Any CPU
		{6EF10CB2-F754-4587-8A95-C28EC9B92621}.Debug|Any CPU.Build.0 = Debug|Any CPU
		{6EF10CB2-F754-4587-8A95-C28EC9B92621}.Release|Any CPU.ActiveCfg = Release|Any CPU
		{6EF10CB2-F754-4587-8A95-C28EC9B92621}.Release|Any CPU.Build.0 = Release|Any CPU
	EndGlobalSection
EndGlobal
