
Microsoft Visual Studio Solution File, Format Version 12.00
Project("{FAE04EC0-301F-11D3-BF4B-00C04F79EFBC}") = "19.11", "19.11.csproj", "{FE25EB9B-9DE6-4F58-AF90-9142A8D306ED}"
EndProject
Global
	GlobalSection(SolutionConfigurationPlatforms) = preSolution
		Debug|Any CPU = Debug|Any CPU
		Release|Any CPU = Release|Any CPU
	EndGlobalSection
	GlobalSection(ProjectConfigurationPlatforms) = postSolution
		{FE25EB9B-9DE6-4F58-AF90-9142A8D306ED}.Debug|Any CPU.ActiveCfg = Debug|Any CPU
		{FE25EB9B-9DE6-4F58-AF90-9142A8D306ED}.Debug|Any CPU.Build.0 = Debug|Any CPU
		{FE25EB9B-9DE6-4F58-AF90-9142A8D306ED}.Release|Any CPU.ActiveCfg = Release|Any CPU
		{FE25EB9B-9DE6-4F58-AF90-9142A8D306ED}.Release|Any CPU.Build.0 = Release|Any CPU
	EndGlobalSection
EndGlobal
