
Microsoft Visual Studio Solution File, Format Version 12.00
Project("{FAE04EC0-301F-11D3-BF4B-00C04F79EFBC}") = "asynchronPG", "asynchronPG.csproj", "{B40E4D40-DB54-43AF-B86B-10D0851D1AD8}"
EndProject
Global
	GlobalSection(SolutionConfigurationPlatforms) = preSolution
		Debug|Any CPU = Debug|Any CPU
		Release|Any CPU = Release|Any CPU
	EndGlobalSection
	GlobalSection(ProjectConfigurationPlatforms) = postSolution
		{B40E4D40-DB54-43AF-B86B-10D0851D1AD8}.Debug|Any CPU.ActiveCfg = Debug|Any CPU
		{B40E4D40-DB54-43AF-B86B-10D0851D1AD8}.Debug|Any CPU.Build.0 = Debug|Any CPU
		{B40E4D40-DB54-43AF-B86B-10D0851D1AD8}.Release|Any CPU.ActiveCfg = Release|Any CPU
		{B40E4D40-DB54-43AF-B86B-10D0851D1AD8}.Release|Any CPU.Build.0 = Release|Any CPU
	EndGlobalSection
EndGlobal
